
Microsoft Visual Studio Solution File, Format Version 12.00
# Visual Studio Version 17
VisualStudioVersion = 17.7.34221.43
MinimumVisualStudioVersion = 10.0.40219.1
Project("{9A19103F-16F7-4668-BE54-9A1E7A4F7556}") = "ConsoleAppFirstGo", "ConsoleAppFirstGo\ConsoleAppFirstGo.csproj", "{3D16ADB9-C812-4726-BA46-4737466207DD}"
EndProject
Global
	GlobalSection(SolutionConfigurationPlatforms) = preSolution
		Debug|Any CPU = Debug|Any CPU
		Release|Any CPU = Release|Any CPU
	EndGlobalSection
	GlobalSection(ProjectConfigurationPlatforms) = postSolution
		{3D16ADB9-C812-4726-BA46-4737466207DD}.Debug|Any CPU.ActiveCfg = Debug|Any CPU
		{3D16ADB9-C812-4726-BA46-4737466207DD}.Debug|Any CPU.Build.0 = Debug|Any CPU
		{3D16ADB9-C812-4726-BA46-4737466207DD}.Release|Any CPU.ActiveCfg = Release|Any CPU
		{3D16ADB9-C812-4726-BA46-4737466207DD}.Release|Any CPU.Build.0 = Release|Any CPU
	EndGlobalSection
	GlobalSection(SolutionProperties) = preSolution
		HideSolutionNode = FALSE
	EndGlobalSection
	GlobalSection(ExtensibilityGlobals) = postSolution
		SolutionGuid = {02EF581A-93F8-4DFF-8BE3-12288A8011D7}
	EndGlobalSection
EndGlobal
