
Microsoft Visual Studio Solution File, Format Version 12.00
# Visual Studio Version 17
VisualStudioVersion = 17.7.34221.43
MinimumVisualStudioVersion = 10.0.40219.1
Project("{FAE04EC0-301F-11D3-BF4B-00C04F79EFBC}") = "RepoPattern.Api", "RepoPattern.Api\RepoPattern.Api.csproj", "{05913AAD-B43F-4F15-8C07-6AD8238310D5}"
EndProject
Project("{FAE04EC0-301F-11D3-BF4B-00C04F79EFBC}") = "RepoPattern.EF", "RepoPattern.EF\RepoPattern.EF.csproj", "{09C7F0B2-C6D9-454A-8386-64EAD4A9496C}"
EndProject
Project("{FAE04EC0-301F-11D3-BF4B-00C04F79EFBC}") = "RepoPattern.Core", "RepoPattern.Core\RepoPattern.Core.csproj", "{F1F387AF-1ED9-4315-9EBD-A4F03F732728}"
EndProject
Global
	GlobalSection(SolutionConfigurationPlatforms) = preSolution
		Debug|Any CPU = Debug|Any CPU
		Release|Any CPU = Release|Any CPU
	EndGlobalSection
	GlobalSection(ProjectConfigurationPlatforms) = postSolution
		{05913AAD-B43F-4F15-8C07-6AD8238310D5}.Debug|Any CPU.ActiveCfg = Debug|Any CPU
		{05913AAD-B43F-4F15-8C07-6AD8238310D5}.Debug|Any CPU.Build.0 = Debug|Any CPU
		{05913AAD-B43F-4F15-8C07-6AD8238310D5}.Release|Any CPU.ActiveCfg = Release|Any CPU
		{05913AAD-B43F-4F15-8C07-6AD8238310D5}.Release|Any CPU.Build.0 = Release|Any CPU
		{09C7F0B2-C6D9-454A-8386-64EAD4A9496C}.Debug|Any CPU.ActiveCfg = Debug|Any CPU
		{09C7F0B2-C6D9-454A-8386-64EAD4A9496C}.Debug|Any CPU.Build.0 = Debug|Any CPU
		{09C7F0B2-C6D9-454A-8386-64EAD4A9496C}.Release|Any CPU.ActiveCfg = Release|Any CPU
		{09C7F0B2-C6D9-454A-8386-64EAD4A9496C}.Release|Any CPU.Build.0 = Release|Any CPU
		{F1F387AF-1ED9-4315-9EBD-A4F03F732728}.Debug|Any CPU.ActiveCfg = Debug|Any CPU
		{F1F387AF-1ED9-4315-9EBD-A4F03F732728}.Debug|Any CPU.Build.0 = Debug|Any CPU
		{F1F387AF-1ED9-4315-9EBD-A4F03F732728}.Release|Any CPU.ActiveCfg = Release|Any CPU
		{F1F387AF-1ED9-4315-9EBD-A4F03F732728}.Release|Any CPU.Build.0 = Release|Any CPU
	EndGlobalSection
	GlobalSection(SolutionProperties) = preSolution
		HideSolutionNode = FALSE
	EndGlobalSection
	GlobalSection(ExtensibilityGlobals) = postSolution
		SolutionGuid = {661F1162-149F-4C62-958B-18B2F5370CDB}
	EndGlobalSection
EndGlobal
