
Microsoft Visual Studio Solution File, Format Version 12.00
# Visual Studio Version 17
VisualStudioVersion = 17.7.34221.43
MinimumVisualStudioVersion = 10.0.40219.1
Project("{FAE04EC0-301F-11D3-BF4B-00C04F79EFBC}") = "#014_Events", "#014_Events\#014_Events.csproj", "{A2420042-FC05-4964-A018-52ED1C2A7945}"
EndProject
Global
	GlobalSection(SolutionConfigurationPlatforms) = preSolution
		Debug|Any CPU = Debug|Any CPU
		Release|Any CPU = Release|Any CPU
	EndGlobalSection
	GlobalSection(ProjectConfigurationPlatforms) = postSolution
		{A2420042-FC05-4964-A018-52ED1C2A7945}.Debug|Any CPU.ActiveCfg = Debug|Any CPU
		{A2420042-FC05-4964-A018-52ED1C2A7945}.Debug|Any CPU.Build.0 = Debug|Any CPU
		{A2420042-FC05-4964-A018-52ED1C2A7945}.Release|Any CPU.ActiveCfg = Release|Any CPU
		{A2420042-FC05-4964-A018-52ED1C2A7945}.Release|Any CPU.Build.0 = Release|Any CPU
	EndGlobalSection
	GlobalSection(SolutionProperties) = preSolution
		HideSolutionNode = FALSE
	EndGlobalSection
	GlobalSection(ExtensibilityGlobals) = postSolution
		SolutionGuid = {53A04A38-7228-4DFD-AE8A-BA88F864C02F}
	EndGlobalSection
EndGlobal
