
Microsoft Visual Studio Solution File, Format Version 12.00
# Visual Studio Version 17
VisualStudioVersion = 17.7.34221.43
MinimumVisualStudioVersion = 10.0.40219.1
Project("{FAE04EC0-301F-11D3-BF4B-00C04F79EFBC}") = "JWT_Start", "JWT_Start\JWT_Start.csproj", "{ABFC1C16-B140-4920-942E-F39AB83A882E}"
EndProject
Global
	GlobalSection(SolutionConfigurationPlatforms) = preSolution
		Debug|Any CPU = Debug|Any CPU
		Release|Any CPU = Release|Any CPU
	EndGlobalSection
	GlobalSection(ProjectConfigurationPlatforms) = postSolution
		{ABFC1C16-B140-4920-942E-F39AB83A882E}.Debug|Any CPU.ActiveCfg = Debug|Any CPU
		{ABFC1C16-B140-4920-942E-F39AB83A882E}.Debug|Any CPU.Build.0 = Debug|Any CPU
		{ABFC1C16-B140-4920-942E-F39AB83A882E}.Release|Any CPU.ActiveCfg = Release|Any CPU
		{ABFC1C16-B140-4920-942E-F39AB83A882E}.Release|Any CPU.Build.0 = Release|Any CPU
	EndGlobalSection
	GlobalSection(SolutionProperties) = preSolution
		HideSolutionNode = FALSE
	EndGlobalSection
	GlobalSection(ExtensibilityGlobals) = postSolution
		SolutionGuid = {80379AC8-E719-4741-A080-A0FE14AC3353}
	EndGlobalSection
EndGlobal
